
Microsoft Visual Studio Solution File, Format Version 12.00
# Visual Studio Version 17
VisualStudioVersion = 17.14.36310.24
MinimumVisualStudioVersion = 10.0.40219.1
Project("{FAE04EC0-301F-11D3-BF4B-00C04F79EFBC}") = "ClientScheduleApi", "src\ClientScheduleApi\ClientScheduleApi.csproj", "{CA96B4E7-585E-40AB-A0DE-28E18E53D113}"
EndProject
Project("{FAE04EC0-301F-11D3-BF4B-00C04F79EFBC}") = "Domain", "src\Domain\Domain.csproj", "{8F26EFA6-4471-411A-BC57-FA6B2103BA8D}"
EndProject
Project("{FAE04EC0-301F-11D3-BF4B-00C04F79EFBC}") = "Application", "src\Application\Application.csproj", "{3449D94C-D48B-4F7D-A10F-8EFA91453F90}"
EndProject
Project("{FAE04EC0-301F-11D3-BF4B-00C04F79EFBC}") = "Infrastructure", "src\Infrastructure\Infrastructure.csproj", "{4501BB7C-6824-408F-B4BC-31A60A65979A}"
EndProject
Project("{FAE04EC0-301F-11D3-BF4B-00C04F79EFBC}") = "Contracts", "Contracts\Contracts.csproj", "{3D19EB74-58F5-4B23-9F4B-9B9E28F339CB}"
EndProject
Global
	GlobalSection(SolutionConfigurationPlatforms) = preSolution
		Debug|Any CPU = Debug|Any CPU
		Release|Any CPU = Release|Any CPU
	EndGlobalSection
	GlobalSection(ProjectConfigurationPlatforms) = postSolution
		{CA96B4E7-585E-40AB-A0DE-28E18E53D113}.Debug|Any CPU.ActiveCfg = Debug|Any CPU
		{CA96B4E7-585E-40AB-A0DE-28E18E53D113}.Debug|Any CPU.Build.0 = Debug|Any CPU
		{CA96B4E7-585E-40AB-A0DE-28E18E53D113}.Release|Any CPU.ActiveCfg = Release|Any CPU
		{CA96B4E7-585E-40AB-A0DE-28E18E53D113}.Release|Any CPU.Build.0 = Release|Any CPU
		{8F26EFA6-4471-411A-BC57-FA6B2103BA8D}.Debug|Any CPU.ActiveCfg = Debug|Any CPU
		{8F26EFA6-4471-411A-BC57-FA6B2103BA8D}.Debug|Any CPU.Build.0 = Debug|Any CPU
		{8F26EFA6-4471-411A-BC57-FA6B2103BA8D}.Release|Any CPU.ActiveCfg = Release|Any CPU
		{8F26EFA6-4471-411A-BC57-FA6B2103BA8D}.Release|Any CPU.Build.0 = Release|Any CPU
		{3449D94C-D48B-4F7D-A10F-8EFA91453F90}.Debug|Any CPU.ActiveCfg = Debug|Any CPU
		{3449D94C-D48B-4F7D-A10F-8EFA91453F90}.Debug|Any CPU.Build.0 = Debug|Any CPU
		{3449D94C-D48B-4F7D-A10F-8EFA91453F90}.Release|Any CPU.ActiveCfg = Release|Any CPU
		{3449D94C-D48B-4F7D-A10F-8EFA91453F90}.Release|Any CPU.Build.0 = Release|Any CPU
		{4501BB7C-6824-408F-B4BC-31A60A65979A}.Debug|Any CPU.ActiveCfg = Debug|Any CPU
		{4501BB7C-6824-408F-B4BC-31A60A65979A}.Debug|Any CPU.Build.0 = Debug|Any CPU
		{4501BB7C-6824-408F-B4BC-31A60A65979A}.Release|Any CPU.ActiveCfg = Release|Any CPU
		{4501BB7C-6824-408F-B4BC-31A60A65979A}.Release|Any CPU.Build.0 = Release|Any CPU
		{3D19EB74-58F5-4B23-9F4B-9B9E28F339CB}.Debug|Any CPU.ActiveCfg = Debug|Any CPU
		{3D19EB74-58F5-4B23-9F4B-9B9E28F339CB}.Debug|Any CPU.Build.0 = Debug|Any CPU
		{3D19EB74-58F5-4B23-9F4B-9B9E28F339CB}.Release|Any CPU.ActiveCfg = Release|Any CPU
		{3D19EB74-58F5-4B23-9F4B-9B9E28F339CB}.Release|Any CPU.Build.0 = Release|Any CPU
	EndGlobalSection
	GlobalSection(SolutionProperties) = preSolution
		HideSolutionNode = FALSE
	EndGlobalSection
	GlobalSection(ExtensibilityGlobals) = postSolution
		SolutionGuid = {45A06ECD-646B-419B-9FAF-4A2622748912}
	EndGlobalSection
EndGlobal
